
Microsoft Visual Studio Solution File, Format Version 12.00
# Visual Studio Version 16
VisualStudioVersion = 16.0.30523.141
MinimumVisualStudioVersion = 10.0.40219.1
Project("{FAE04EC0-301F-11D3-BF4B-00C04F79EFBC}") = "ToolsFLash", "ToolsFLash\ToolsFLash.csproj", "{36BB8A43-9566-4C16-9716-4AA51E8D476B}"
EndProject
Global
	GlobalSection(SolutionConfigurationPlatforms) = preSolution
		Debug|Any CPU = Debug|Any CPU
		Debug|x64 = Debug|x64
		Release|Any CPU = Release|Any CPU
		Release|x64 = Release|x64
	EndGlobalSection
	GlobalSection(ProjectConfigurationPlatforms) = postSolution
		{36BB8A43-9566-4C16-9716-4AA51E8D476B}.Debug|Any CPU.ActiveCfg = Debug|Any CPU
		{36BB8A43-9566-4C16-9716-4AA51E8D476B}.Debug|Any CPU.Build.0 = Debug|Any CPU
		{36BB8A43-9566-4C16-9716-4AA51E8D476B}.Debug|x64.ActiveCfg = Debug|x64
		{36BB8A43-9566-4C16-9716-4AA51E8D476B}.Debug|x64.Build.0 = Debug|x64
		{36BB8A43-9566-4C16-9716-4AA51E8D476B}.Release|Any CPU.ActiveCfg = Release|Any CPU
		{36BB8A43-9566-4C16-9716-4AA51E8D476B}.Release|Any CPU.Build.0 = Release|Any CPU
		{36BB8A43-9566-4C16-9716-4AA51E8D476B}.Release|x64.ActiveCfg = Release|x64
		{36BB8A43-9566-4C16-9716-4AA51E8D476B}.Release|x64.Build.0 = Release|x64
	EndGlobalSection
	GlobalSection(SolutionProperties) = preSolution
		HideSolutionNode = FALSE
	EndGlobalSection
	GlobalSection(ExtensibilityGlobals) = postSolution
		SolutionGuid = {26C80836-9565-479B-9AC7-5B5AE9F0416A}
	EndGlobalSection
EndGlobal
